
Microsoft Visual Studio Solution File, Format Version 12.00
# Visual Studio Version 17
VisualStudioVersion = 17.8.34316.72
MinimumVisualStudioVersion = 10.0.40219.1
Project("{FAE04EC0-301F-11D3-BF4B-00C04F79EFBC}") = "Calculator", "Calculator\Calculator.csproj", "{5066D45F-AAE7-498A-A441-BFD5A5BA5B9C}"
EndProject
Global
	GlobalSection(SolutionConfigurationPlatforms) = preSolution
		Debug|Any CPU = Debug|Any CPU
		Release|Any CPU = Release|Any CPU
	EndGlobalSection
	GlobalSection(ProjectConfigurationPlatforms) = postSolution
		{5066D45F-AAE7-498A-A441-BFD5A5BA5B9C}.Debug|Any CPU.ActiveCfg = Debug|Any CPU
		{5066D45F-AAE7-498A-A441-BFD5A5BA5B9C}.Debug|Any CPU.Build.0 = Debug|Any CPU
		{5066D45F-AAE7-498A-A441-BFD5A5BA5B9C}.Release|Any CPU.ActiveCfg = Release|Any CPU
		{5066D45F-AAE7-498A-A441-BFD5A5BA5B9C}.Release|Any CPU.Build.0 = Release|Any CPU
	EndGlobalSection
	GlobalSection(SolutionProperties) = preSolution
		HideSolutionNode = FALSE
	EndGlobalSection
	GlobalSection(ExtensibilityGlobals) = postSolution
		SolutionGuid = {B3616935-7E81-4BB7-B572-D750D76DC7AB}
	EndGlobalSection
EndGlobal
