
Microsoft Visual Studio Solution File, Format Version 12.00
# Visual Studio Version 17
VisualStudioVersion = 17.8.34316.72
MinimumVisualStudioVersion = 10.0.40219.1
Project("{FAE04EC0-301F-11D3-BF4B-00C04F79EFBC}") = "LoginPasswordApi", "LoginPasswordApi.csproj", "{E369DBFE-6DE6-4B8B-AE0C-545C95B234AE}"
EndProject
Global
	GlobalSection(SolutionConfigurationPlatforms) = preSolution
		Debug|Any CPU = Debug|Any CPU
		Release|Any CPU = Release|Any CPU
	EndGlobalSection
	GlobalSection(ProjectConfigurationPlatforms) = postSolution
		{E369DBFE-6DE6-4B8B-AE0C-545C95B234AE}.Debug|Any CPU.ActiveCfg = Debug|Any CPU
		{E369DBFE-6DE6-4B8B-AE0C-545C95B234AE}.Debug|Any CPU.Build.0 = Debug|Any CPU
		{E369DBFE-6DE6-4B8B-AE0C-545C95B234AE}.Release|Any CPU.ActiveCfg = Release|Any CPU
		{E369DBFE-6DE6-4B8B-AE0C-545C95B234AE}.Release|Any CPU.Build.0 = Release|Any CPU
	EndGlobalSection
	GlobalSection(SolutionProperties) = preSolution
		HideSolutionNode = FALSE
	EndGlobalSection
	GlobalSection(ExtensibilityGlobals) = postSolution
		SolutionGuid = {7FEA5A33-6CB7-4396-992E-E9CEA86D4A8F}
	EndGlobalSection
EndGlobal
